{
  "nodes": {
    "helium": {
      "inputs": {
        "nixpkgs": [
          "nixpkgs"
        ]
      },
      "locked": {
        "lastModified": 1789214328,
        "narHash": "sha256-ldHrGfwWiL8DwnP07DsqgGpppIPdXg/rF/FjDEXMNvI=",
        "owner": "oxcl",
        "repo": "nix-flake-helium-browser",
        "rev": "7d7117d1154f9837913ae6216a25ebed96536478",
        "type": "github"
      },
      "original": {
        "owner": "oxcl",
        "repo": "nix-flake-helium-browser",
        "type": "github"
      }
    },
    "mcsr-nixos": {
      "inputs": {
        "nixpkgs": [
          "nixpkgs"
        ]
      },
      "locked": {
        "lastModified": 1789149434,
        "narHash": "sha256-U42QlbfKk9TkbXu/aJjgjeeB5excabGPQzn+YmDZvtk=",
        "rev": "bcadcea41eefbbd1a868fe1d78a22bf2913eae65",
        "type": "tarball",
        "url": "https://git.uku3lig.net/api/v1/repos/uku/mcsr-nixos/archive/bcadcea41eefbbd1a868fe1d78a22bf2913eae65.tar.gz"
      },
      "original": {
        "type": "tarball",
        "url": "https://git.uku3lig.net/uku/mcsr-nixos/archive/main.tar.gz"
      }
    },
    "ninjabrain-bot-xwayland": {
      "inputs": {
        "nixpkgs": [
          "nixpkgs"
        ]
      },
      "locked": {
        "lastModified": 1788297689,
        "narHash": "sha256-75wTkwWsiKwY8CteeO+wBe9LQ4FEaprzS3EzJKEiWhw=",
        "owner": "Ktrompfl",
        "repo": "ninjabrain-bot-xwayland",
        "rev": "81b578d1d720a9610da17dc5b49c245e6cb20971",
        "type": "github"
      },
      "original": {
        "owner": "Ktrompfl",
        "repo": "ninjabrain-bot-xwayland",
        "type": "github"
      }
    },
    "nixpkgs": {
      "locked": {
        "lastModified": 1789426278,
        "narHash": "sha256-GnotcvKtbTMnoVx6G4E7ZdUX6487Dky74dqq3pU7iRk=",
        "owner": "NixOS",
        "repo": "nixpkgs",
        "rev": "efe6f071ede9d21c37462d2d6682d5e670099684",
        "type": "github"
      },
      "original": {
        "owner": "NixOS",
        "ref": "nixos-unstable",
        "repo": "nixpkgs",
        "type": "github"
      }
    },
    "root": {
      "inputs": {
        "helium": "helium",
        "mcsr-nixos": "mcsr-nixos",
        "ninjabrain-bot-xwayland": "ninjabrain-bot-xwayland",
        "nixpkgs": "nixpkgs"
      }
    }
  },
  "root": "root",
  "version": 7
}
